
Microsoft Visual Studio Solution File, Format Version 12.00
# Visual Studio 14
VisualStudioVersion = 14.0.25420.1
MinimumVisualStudioVersion = 10.0.40219.1
Project("{FAE04EC0-301F-11D3-BF4B-00C04F79EFBC}") = "Laggson.Common", "..\crusade-common-library\Laggson.Common.csproj", "{0DFCA3B1-826D-450B-A1B6-601A9BF986EF}"
EndProject
Project("{FAE04EC0-301F-11D3-BF4B-00C04F79EFBC}") = "Updater.Web", "Updater.Web\Updater.Web.csproj", "{82D5CFD1-1D4C-4D49-9265-4938F9FCBBC9}"
EndProject
Project("{FAE04EC0-301F-11D3-BF4B-00C04F79EFBC}") = "Updater", "Updater\Updater.csproj", "{88F43B61-46EE-4C4D-B4E2-3363D0218521}"
EndProject
Global
	GlobalSection(SolutionConfigurationPlatforms) = preSolution
		Debug|Any CPU = Debug|Any CPU
		Debug|x86 = Debug|x86
		Release|Any CPU = Release|Any CPU
		Release|x86 = Release|x86
	EndGlobalSection
	GlobalSection(ProjectConfigurationPlatforms) = postSolution
		{0DFCA3B1-826D-450B-A1B6-601A9BF986EF}.Debug|Any CPU.ActiveCfg = Debug|Any CPU
		{0DFCA3B1-826D-450B-A1B6-601A9BF986EF}.Debug|Any CPU.Build.0 = Debug|Any CPU
		{0DFCA3B1-826D-450B-A1B6-601A9BF986EF}.Debug|x86.ActiveCfg = Debug|Any CPU
		{0DFCA3B1-826D-450B-A1B6-601A9BF986EF}.Debug|x86.Build.0 = Debug|Any CPU
		{0DFCA3B1-826D-450B-A1B6-601A9BF986EF}.Release|Any CPU.ActiveCfg = Release|Any CPU
		{0DFCA3B1-826D-450B-A1B6-601A9BF986EF}.Release|Any CPU.Build.0 = Release|Any CPU
		{0DFCA3B1-826D-450B-A1B6-601A9BF986EF}.Release|x86.ActiveCfg = Release|Any CPU
		{0DFCA3B1-826D-450B-A1B6-601A9BF986EF}.Release|x86.Build.0 = Release|Any CPU
		{82D5CFD1-1D4C-4D49-9265-4938F9FCBBC9}.Debug|Any CPU.ActiveCfg = Debug|Any CPU
		{82D5CFD1-1D4C-4D49-9265-4938F9FCBBC9}.Debug|Any CPU.Build.0 = Debug|Any CPU
		{82D5CFD1-1D4C-4D49-9265-4938F9FCBBC9}.Debug|x86.ActiveCfg = Debug|Any CPU
		{82D5CFD1-1D4C-4D49-9265-4938F9FCBBC9}.Debug|x86.Build.0 = Debug|Any CPU
		{82D5CFD1-1D4C-4D49-9265-4938F9FCBBC9}.Release|Any CPU.ActiveCfg = Release|Any CPU
		{82D5CFD1-1D4C-4D49-9265-4938F9FCBBC9}.Release|Any CPU.Build.0 = Release|Any CPU
		{82D5CFD1-1D4C-4D49-9265-4938F9FCBBC9}.Release|x86.ActiveCfg = Release|Any CPU
		{82D5CFD1-1D4C-4D49-9265-4938F9FCBBC9}.Release|x86.Build.0 = Release|Any CPU
		{88F43B61-46EE-4C4D-B4E2-3363D0218521}.Debug|Any CPU.ActiveCfg = Debug|Any CPU
		{88F43B61-46EE-4C4D-B4E2-3363D0218521}.Debug|Any CPU.Build.0 = Debug|Any CPU
		{88F43B61-46EE-4C4D-B4E2-3363D0218521}.Debug|x86.ActiveCfg = Debug|Any CPU
		{88F43B61-46EE-4C4D-B4E2-3363D0218521}.Debug|x86.Build.0 = Debug|Any CPU
		{88F43B61-46EE-4C4D-B4E2-3363D0218521}.Release|Any CPU.ActiveCfg = Release|Any CPU
		{88F43B61-46EE-4C4D-B4E2-3363D0218521}.Release|Any CPU.Build.0 = Release|Any CPU
		{88F43B61-46EE-4C4D-B4E2-3363D0218521}.Release|x86.ActiveCfg = Release|Any CPU
		{88F43B61-46EE-4C4D-B4E2-3363D0218521}.Release|x86.Build.0 = Release|Any CPU
	EndGlobalSection
	GlobalSection(SolutionProperties) = preSolution
		HideSolutionNode = FALSE
	EndGlobalSection
EndGlobal
